
Microsoft Visual Studio Solution File, Format Version 12.00
# Visual Studio Version 17
VisualStudioVersion = 17.11.35222.181
MinimumVisualStudioVersion = 10.0.40219.1
Project("{FAE04EC0-301F-11D3-BF4B-00C04F79EFBC}") = "Trabalho", "Trabalho\Trabalho.csproj", "{C52C067D-72B7-4DDA-9BAA-E53D6F1290C5}"
EndProject
Global
	GlobalSection(SolutionConfigurationPlatforms) = preSolution
		Debug|Any CPU = Debug|Any CPU
		Release|Any CPU = Release|Any CPU
	EndGlobalSection
	GlobalSection(ProjectConfigurationPlatforms) = postSolution
		{C52C067D-72B7-4DDA-9BAA-E53D6F1290C5}.Debug|Any CPU.ActiveCfg = Debug|Any CPU
		{C52C067D-72B7-4DDA-9BAA-E53D6F1290C5}.Debug|Any CPU.Build.0 = Debug|Any CPU
		{C52C067D-72B7-4DDA-9BAA-E53D6F1290C5}.Release|Any CPU.ActiveCfg = Release|Any CPU
		{C52C067D-72B7-4DDA-9BAA-E53D6F1290C5}.Release|Any CPU.Build.0 = Release|Any CPU
	EndGlobalSection
	GlobalSection(SolutionProperties) = preSolution
		HideSolutionNode = FALSE
	EndGlobalSection
	GlobalSection(ExtensibilityGlobals) = postSolution
		SolutionGuid = {FD16BE60-0FA5-4A41-9C98-61DE0A4A0B19}
	EndGlobalSection
EndGlobal
